
Microsoft Visual Studio Solution File, Format Version 12.00
# Visual Studio Version 17
VisualStudioVersion = 17.7.34031.279
MinimumVisualStudioVersion = 10.0.40219.1
Project("{FAE04EC0-301F-11D3-BF4B-00C04F79EFBC}") = "MVC.AdminPanel-PustokWebSite", "MVC.AdminPanel-PustokWebSite\MVC.AdminPanel-PustokWebSite.csproj", "{FF899FFB-D60D-49C3-BD8D-BC7C9BE2881E}"
EndProject
Global
	GlobalSection(SolutionConfigurationPlatforms) = preSolution
		Debug|Any CPU = Debug|Any CPU
		Release|Any CPU = Release|Any CPU
	EndGlobalSection
	GlobalSection(ProjectConfigurationPlatforms) = postSolution
		{FF899FFB-D60D-49C3-BD8D-BC7C9BE2881E}.Debug|Any CPU.ActiveCfg = Debug|Any CPU
		{FF899FFB-D60D-49C3-BD8D-BC7C9BE2881E}.Debug|Any CPU.Build.0 = Debug|Any CPU
		{FF899FFB-D60D-49C3-BD8D-BC7C9BE2881E}.Release|Any CPU.ActiveCfg = Release|Any CPU
		{FF899FFB-D60D-49C3-BD8D-BC7C9BE2881E}.Release|Any CPU.Build.0 = Release|Any CPU
	EndGlobalSection
	GlobalSection(SolutionProperties) = preSolution
		HideSolutionNode = FALSE
	EndGlobalSection
	GlobalSection(ExtensibilityGlobals) = postSolution
		SolutionGuid = {DE2C5282-6CC9-455D-87C9-7C2CC14272D5}
	EndGlobalSection
EndGlobal
